{
  "pins" : [
    {
      "identity" : "dittoswiftpackage",
      "kind" : "remoteSourceControl",
      "location" : "https://github.com/getditto/DittoSwiftPackage",
      "state" : {
        "revision" : "cc825b447b6292cc0a4a2f7e25d4fae0e3bfb1a8",
        "version" : "4.4.4"
      }
    }
  ],
  "version" : 2
}
